
Microsoft Visual Studio Solution File, Format Version 12.00
# Visual Studio 15
VisualStudioVersion = 15.0.28307.1622
MinimumVisualStudioVersion = 10.0.40219.1
Project("{8BC9CEB8-8B4A-11D0-8D11-00A0C91BC942}") = "lab1-2", "lab1-2\lab1-2.vcxproj", "{CF3EDC45-F492-44C6-961D-989060FFB97B}"
EndProject
Global
	GlobalSection(SolutionConfigurationPlatforms) = preSolution
		Debug|x64 = Debug|x64
		Debug|x86 = Debug|x86
		Release|x64 = Release|x64
		Release|x86 = Release|x86
	EndGlobalSection
	GlobalSection(ProjectConfigurationPlatforms) = postSolution
		{CF3EDC45-F492-44C6-961D-989060FFB97B}.Debug|x64.ActiveCfg = Debug|x64
		{CF3EDC45-F492-44C6-961D-989060FFB97B}.Debug|x64.Build.0 = Debug|x64
		{CF3EDC45-F492-44C6-961D-989060FFB97B}.Debug|x86.ActiveCfg = Debug|Win32
		{CF3EDC45-F492-44C6-961D-989060FFB97B}.Debug|x86.Build.0 = Debug|Win32
		{CF3EDC45-F492-44C6-961D-989060FFB97B}.Release|x64.ActiveCfg = Release|x64
		{CF3EDC45-F492-44C6-961D-989060FFB97B}.Release|x64.Build.0 = Release|x64
		{CF3EDC45-F492-44C6-961D-989060FFB97B}.Release|x86.ActiveCfg = Release|Win32
		{CF3EDC45-F492-44C6-961D-989060FFB97B}.Release|x86.Build.0 = Release|Win32
	EndGlobalSection
	GlobalSection(SolutionProperties) = preSolution
		HideSolutionNode = FALSE
	EndGlobalSection
	GlobalSection(ExtensibilityGlobals) = postSolution
		SolutionGuid = {CBAF42E1-5657-4ADF-B1C2-F932397AE021}
	EndGlobalSection
EndGlobal
