
Microsoft Visual Studio Solution File, Format Version 12.00
# Visual Studio 15
VisualStudioVersion = 15.0.28307.1622
MinimumVisualStudioVersion = 10.0.40219.1
Project("{8BC9CEB8-8B4A-11D0-8D11-00A0C91BC942}") = "lab3", "lab3\lab3.vcxproj", "{E4C43449-2A4E-4C13-86D1-0382D5FE462F}"
EndProject
Global
	GlobalSection(SolutionConfigurationPlatforms) = preSolution
		Debug|x64 = Debug|x64
		Debug|x86 = Debug|x86
		Release|x64 = Release|x64
		Release|x86 = Release|x86
	EndGlobalSection
	GlobalSection(ProjectConfigurationPlatforms) = postSolution
		{E4C43449-2A4E-4C13-86D1-0382D5FE462F}.Debug|x64.ActiveCfg = Debug|x64
		{E4C43449-2A4E-4C13-86D1-0382D5FE462F}.Debug|x64.Build.0 = Debug|x64
		{E4C43449-2A4E-4C13-86D1-0382D5FE462F}.Debug|x86.ActiveCfg = Debug|Win32
		{E4C43449-2A4E-4C13-86D1-0382D5FE462F}.Debug|x86.Build.0 = Debug|Win32
		{E4C43449-2A4E-4C13-86D1-0382D5FE462F}.Release|x64.ActiveCfg = Release|x64
		{E4C43449-2A4E-4C13-86D1-0382D5FE462F}.Release|x64.Build.0 = Release|x64
		{E4C43449-2A4E-4C13-86D1-0382D5FE462F}.Release|x86.ActiveCfg = Release|Win32
		{E4C43449-2A4E-4C13-86D1-0382D5FE462F}.Release|x86.Build.0 = Release|Win32
	EndGlobalSection
	GlobalSection(SolutionProperties) = preSolution
		HideSolutionNode = FALSE
	EndGlobalSection
	GlobalSection(ExtensibilityGlobals) = postSolution
		SolutionGuid = {A9298E03-4C1C-4D0C-B5E2-5019125E2484}
	EndGlobalSection
EndGlobal
