
Microsoft Visual Studio Solution File, Format Version 12.00
# Visual Studio Version 16
VisualStudioVersion = 16.0.30011.22
MinimumVisualStudioVersion = 10.0.40219.1
Project("{8BC9CEB8-8B4A-11D0-8D11-00A0C91BC942}") = "HW", "HW\HW.vcxproj", "{4D7603A4-F380-4114-9046-A98634688134}"
EndProject
Global
	GlobalSection(SolutionConfigurationPlatforms) = preSolution
		Debug|x64 = Debug|x64
		Debug|x86 = Debug|x86
		Release|x64 = Release|x64
		Release|x86 = Release|x86
	EndGlobalSection
	GlobalSection(ProjectConfigurationPlatforms) = postSolution
		{4D7603A4-F380-4114-9046-A98634688134}.Debug|x64.ActiveCfg = Debug|x64
		{4D7603A4-F380-4114-9046-A98634688134}.Debug|x64.Build.0 = Debug|x64
		{4D7603A4-F380-4114-9046-A98634688134}.Debug|x86.ActiveCfg = Debug|Win32
		{4D7603A4-F380-4114-9046-A98634688134}.Debug|x86.Build.0 = Debug|Win32
		{4D7603A4-F380-4114-9046-A98634688134}.Release|x64.ActiveCfg = Release|x64
		{4D7603A4-F380-4114-9046-A98634688134}.Release|x64.Build.0 = Release|x64
		{4D7603A4-F380-4114-9046-A98634688134}.Release|x86.ActiveCfg = Release|Win32
		{4D7603A4-F380-4114-9046-A98634688134}.Release|x86.Build.0 = Release|Win32
	EndGlobalSection
	GlobalSection(SolutionProperties) = preSolution
		HideSolutionNode = FALSE
	EndGlobalSection
	GlobalSection(ExtensibilityGlobals) = postSolution
		SolutionGuid = {C1E956F7-E1D0-4B48-8888-C3487D9033E6}
	EndGlobalSection
EndGlobal
